# @generated - this file is auto-generated by `mise lock` https://mise.jdx.dev/dev-tools/mise-lock.html

[[tools.opentofu]]
version = "1.11.5"
backend = "aqua:opentofu/opentofu"

[[tools.pre-commit]]
version = "4.5.1"
backend = "asdf:pre-commit"

[[tools.terraform-docs]]
version = "0.21.0"
backend = "asdf:terraform-docs"

[[tools.tflint]]
version = "0.61.0"
backend = "asdf:tflint"
