# @generated - this file is auto-generated by `mise lock` https://mise.en.dev/dev-tools/mise-lock.html

[[tools.opentofu]]
version = "1.11.6"
backend = "aqua:opentofu/opentofu"

[[tools.prek]]
version = "0.3.9"
backend = "aqua:j178/prek"

[tools.prek."platforms.linux-arm64"]
checksum = "sha256:b6153b0756a61fc45bf9e63aaf68661bdd9da03dfcf18e2509cedba445b6c4c9"
url = "https://github.com/j178/prek/releases/download/v0.3.9/prek-aarch64-unknown-linux-musl.tar.gz"
provenance = "github-attestations"

[tools.prek."platforms.linux-arm64-musl"]
checksum = "sha256:b6153b0756a61fc45bf9e63aaf68661bdd9da03dfcf18e2509cedba445b6c4c9"
url = "https://github.com/j178/prek/releases/download/v0.3.9/prek-aarch64-unknown-linux-musl.tar.gz"
provenance = "github-attestations"

[tools.prek."platforms.linux-x64"]
checksum = "sha256:254b48c4b0d8c7da07d0f23144f55f8b56d3a83c416d17a25dbaaee2f721f231"
url = "https://github.com/j178/prek/releases/download/v0.3.9/prek-x86_64-unknown-linux-musl.tar.gz"
provenance = "github-attestations"

[tools.prek."platforms.linux-x64-musl"]
checksum = "sha256:254b48c4b0d8c7da07d0f23144f55f8b56d3a83c416d17a25dbaaee2f721f231"
url = "https://github.com/j178/prek/releases/download/v0.3.9/prek-x86_64-unknown-linux-musl.tar.gz"
provenance = "github-attestations"

[tools.prek."platforms.macos-arm64"]
checksum = "sha256:0e52d21951d488a9db211c9ea35775614b3cbadc778247486c1e0e9fd0e106cc"
url = "https://github.com/j178/prek/releases/download/v0.3.9/prek-aarch64-apple-darwin.tar.gz"
provenance = "github-attestations"

[tools.prek."platforms.macos-x64"]
checksum = "sha256:62b863b3cfcd56dec6a924acad0362594607c86cb773265e148acce252a5c4ac"
url = "https://github.com/j178/prek/releases/download/v0.3.9/prek-x86_64-apple-darwin.tar.gz"
provenance = "github-attestations"

[tools.prek."platforms.windows-x64"]
checksum = "sha256:a260094190979a6b2aa6e0bef02121a21e8c2715c2d91603f2763123bfc7f902"
url = "https://github.com/j178/prek/releases/download/v0.3.9/prek-x86_64-pc-windows-msvc.zip"
provenance = "github-attestations"

[[tools.terraform-docs]]
version = "0.22.0"
backend = "asdf:terraform-docs"

[[tools.tflint]]
version = "0.62.0"
backend = "asdf:tflint"
