# @generated - this file is auto-generated by `mise lock` https://mise.en.dev/dev-tools/mise-lock.html

[[tools.opentofu]]
version = "1.12.6"
backend = "aqua:opentofu/opentofu"

[[tools.prek]]
version = "0.4.14"
backend = "aqua:j178/prek"

[tools.prek."platforms.linux-arm64"]
checksum = "sha256:27a873abf78df8ec842829f6def4356f1f10c8ddf1741c6b2b3ba0c1e1e93f95"
url = "https://github.com/j178/prek/releases/download/v0.4.14/prek-aarch64-unknown-linux-musl.tar.gz"
provenance = "github-attestations"

[tools.prek."platforms.linux-arm64-musl"]
checksum = "sha256:27a873abf78df8ec842829f6def4356f1f10c8ddf1741c6b2b3ba0c1e1e93f95"
url = "https://github.com/j178/prek/releases/download/v0.4.14/prek-aarch64-unknown-linux-musl.tar.gz"
provenance = "github-attestations"

[tools.prek."platforms.linux-x64"]
checksum = "sha256:388f2e5216684c22e635dc1bde1bac5bd008a5dfc21c754ced382d19ff31413b"
url = "https://github.com/j178/prek/releases/download/v0.4.14/prek-x86_64-unknown-linux-musl.tar.gz"
provenance = "github-attestations"

[tools.prek."platforms.linux-x64-musl"]
checksum = "sha256:388f2e5216684c22e635dc1bde1bac5bd008a5dfc21c754ced382d19ff31413b"
url = "https://github.com/j178/prek/releases/download/v0.4.14/prek-x86_64-unknown-linux-musl.tar.gz"
provenance = "github-attestations"

[tools.prek."platforms.macos-arm64"]
checksum = "sha256:87f7fb2b99871820eb352d9a2327461d25affe354d6d48c4edf3a34f360c6be8"
url = "https://github.com/j178/prek/releases/download/v0.4.14/prek-aarch64-apple-darwin.tar.gz"
provenance = "github-attestations"

[tools.prek."platforms.macos-x64"]
checksum = "sha256:59073820f5145cea2fa91b7e4256bbab6ed44de364d4b6809311d7ee9653d3b7"
url = "https://github.com/j178/prek/releases/download/v0.4.14/prek-x86_64-apple-darwin.tar.gz"
provenance = "github-attestations"

[tools.prek."platforms.windows-x64"]
checksum = "sha256:284eb3b185788fbb5c1b53b1e2217c744be44debaff88efd305b1947df6f0b82"
url = "https://github.com/j178/prek/releases/download/v0.4.14/prek-x86_64-pc-windows-msvc.zip"
provenance = "github-attestations"

[[tools.terraform-docs]]
version = "0.24.0"
backend = "asdf:terraform-docs"

[[tools.tflint]]
version = "0.64.0"
backend = "asdf:tflint"
